// !$*UTF8*$!
{
	archiveVersion = 1;
	classes = {
	};
	objectVersion = 50;
	objects = {

/* Begin PBXBuildFile section */
		C2B6AE9C2406EE4C00479925 /* AppDelegate.swift in Sources */ = {isa = PBXBuildFile; fileRef = C2B6AE9B2406EE4C00479925 /* AppDelegate.swift */; };
		C2B6AE9E2406EE4C00479925 /* SceneDelegate.swift in Sources */ = {isa = PBXBuildFile; fileRef = C2B6AE9D2406EE4C00479925 /* SceneDelegate.swift */; };
		C2B6AEA02406EE4C00479925 /* ContentView.swift in Sources */ = {isa = PBXBuildFile; fileRef = C2B6AE9F2406EE4C00479925 /* ContentView.swift */; };
		C2B6AEA22406EE4E00479925 /* Assets.xcassets in Resources */ = {isa = PBXBuildFile; fileRef = C2B6AEA12406EE4E00479925 /* Assets.xcassets */; };
		C2B6AEA52406EE4E00479925 /* Preview Assets.xcassets in Resources */ = {isa = PBXBuildFile; fileRef = C2B6AEA42406EE4E00479925 /* Preview Assets.xcassets */; };
		C2B6AEA82406EE4E00479925 /* LaunchScreen.storyboard in Resources */ = {isa = PBXBuildFile; fileRef = C2B6AEA62406EE4E00479925 /* LaunchScreen.storyboard */; };
		C2B6AEB02406F04A00479925 /* Interfaces.swift in Sources */ = {isa = PBXBuildFile; fileRef = C2B6AEAF2406F04A00479925 /* Interfaces.swift */; };
		C2B6AEB22406F21B00479925 /* ContactInfo.swift in Sources */ = {isa = PBXBuildFile; fileRef = C2B6AEB12406F21B00479925 /* ContactInfo.swift */; };
		C2B6AEB72406F22C00479925 /* GroupOrder.swift in Sources */ = {isa = PBXBuildFile; fileRef = C2B6AEB32406F22B00479925 /* GroupOrder.swift */; };
		C2B6AEB82406F22C00479925 /* SelectedProduct.swift in Sources */ = {isa = PBXBuildFile; fileRef = C2B6AEB42406F22C00479925 /* SelectedProduct.swift */; };
		C2B6AEB92406F22C00479925 /* User.swift in Sources */ = {isa = PBXBuildFile; fileRef = C2B6AEB52406F22C00479925 /* User.swift */; };
		C2B6AEBA2406F22C00479925 /* Order.swift in Sources */ = {isa = PBXBuildFile; fileRef = C2B6AEB62406F22C00479925 /* Order.swift */; };
		C2B6AEBC2406F29C00479925 /* Networking in Resources */ = {isa = PBXBuildFile; fileRef = C2B6AEBB2406F29C00479925 /* Networking */; };
/* End PBXBuildFile section */

/* Begin PBXFileReference section */
		C2B6AE982406EE4C00479925 /* Delivery_App.app */ = {isa = PBXFileReference; explicitFileType = wrapper.application; includeInIndex = 0; path = Delivery_App.app; sourceTree = BUILT_PRODUCTS_DIR; };
		C2B6AE9B2406EE4C00479925 /* AppDelegate.swift */ = {isa = PBXFileReference; lastKnownFileType = sourcecode.swift; path = AppDelegate.swift; sourceTree = "<group>"; };
		C2B6AE9D2406EE4C00479925 /* SceneDelegate.swift */ = {isa = PBXFileReference; lastKnownFileType = sourcecode.swift; path = SceneDelegate.swift; sourceTree = "<group>"; };
		C2B6AE9F2406EE4C00479925 /* ContentView.swift */ = {isa = PBXFileReference; lastKnownFileType = sourcecode.swift; path = ContentView.swift; sourceTree = "<group>"; };
		C2B6AEA12406EE4E00479925 /* Assets.xcassets */ = {isa = PBXFileReference; lastKnownFileType = folder.assetcatalog; path = Assets.xcassets; sourceTree = "<group>"; };
		C2B6AEA42406EE4E00479925 /* Preview Assets.xcassets */ = {isa = PBXFileReference; lastKnownFileType = folder.assetcatalog; path = "Preview Assets.xcassets"; sourceTree = "<group>"; };
		C2B6AEA72406EE4E00479925 /* Base */ = {isa = PBXFileReference; lastKnownFileType = file.storyboard; name = Base; path = Base.lproj/LaunchScreen.storyboard; sourceTree = "<group>"; };
		C2B6AEA92406EE4E00479925 /* Info.plist */ = {isa = PBXFileReference; lastKnownFileType = text.plist.xml; path = Info.plist; sourceTree = "<group>"; };
		C2B6AEAF2406F04A00479925 /* Interfaces.swift */ = {isa = PBXFileReference; lastKnownFileType = sourcecode.swift; path = Interfaces.swift; sourceTree = "<group>"; };
		C2B6AEB12406F21B00479925 /* ContactInfo.swift */ = {isa = PBXFileReference; fileEncoding = 4; lastKnownFileType = sourcecode.swift; path = ContactInfo.swift; sourceTree = "<group>"; };
		C2B6AEB32406F22B00479925 /* GroupOrder.swift */ = {isa = PBXFileReference; fileEncoding = 4; lastKnownFileType = sourcecode.swift; path = GroupOrder.swift; sourceTree = "<group>"; };
		C2B6AEB42406F22C00479925 /* SelectedProduct.swift */ = {isa = PBXFileReference; fileEncoding = 4; lastKnownFileType = sourcecode.swift; path = SelectedProduct.swift; sourceTree = "<group>"; };
		C2B6AEB52406F22C00479925 /* User.swift */ = {isa = PBXFileReference; fileEncoding = 4; lastKnownFileType = sourcecode.swift; path = User.swift; sourceTree = "<group>"; };
		C2B6AEB62406F22C00479925 /* Order.swift */ = {isa = PBXFileReference; fileEncoding = 4; lastKnownFileType = sourcecode.swift; path = Order.swift; sourceTree = "<group>"; };
		C2B6AEBB2406F29C00479925 /* Networking */ = {isa = PBXFileReference; lastKnownFileType = folder; path = Networking; sourceTree = "<group>"; };
/* End PBXFileReference section */

/* Begin PBXFrameworksBuildPhase section */
		C2B6AE952406EE4C00479925 /* Frameworks */ = {
			isa = PBXFrameworksBuildPhase;
			buildActionMask = 2147483647;
			files = (
			);
			runOnlyForDeploymentPostprocessing = 0;
		};
/* End PBXFrameworksBuildPhase section */

/* Begin PBXGroup section */
		C2B6AE8F2406EE4C00479925 = {
			isa = PBXGroup;
			children = (
				C2B6AE9A2406EE4C00479925 /* Delivery_App */,
				C2B6AE992406EE4C00479925 /* Products */,
			);
			sourceTree = "<group>";
		};
		C2B6AE992406EE4C00479925 /* Products */ = {
			isa = PBXGroup;
			children = (
				C2B6AE982406EE4C00479925 /* Delivery_App.app */,
			);
			name = Products;
			sourceTree = "<group>";
		};
		C2B6AE9A2406EE4C00479925 /* Delivery_App */ = {
			isa = PBXGroup;
			children = (
				C2B6AEBD2406F2C600479925 /* Objects */,
				C2B6AEBB2406F29C00479925 /* Networking */,
				C2B6AEAF2406F04A00479925 /* Interfaces.swift */,
				C2B6AE9B2406EE4C00479925 /* AppDelegate.swift */,
				C2B6AE9D2406EE4C00479925 /* SceneDelegate.swift */,
				C2B6AE9F2406EE4C00479925 /* ContentView.swift */,
				C2B6AEA12406EE4E00479925 /* Assets.xcassets */,
				C2B6AEA62406EE4E00479925 /* LaunchScreen.storyboard */,
				C2B6AEA92406EE4E00479925 /* Info.plist */,
				C2B6AEA32406EE4E00479925 /* Preview Content */,
			);
			path = Delivery_App;
			sourceTree = "<group>";
		};
		C2B6AEA32406EE4E00479925 /* Preview Content */ = {
			isa = PBXGroup;
			children = (
				C2B6AEA42406EE4E00479925 /* Preview Assets.xcassets */,
			);
			path = "Preview Content";
			sourceTree = "<group>";
		};
		C2B6AEBD2406F2C600479925 /* Objects */ = {
			isa = PBXGroup;
			children = (
				C2B6AEB12406F21B00479925 /* ContactInfo.swift */,
				C2B6AEB32406F22B00479925 /* GroupOrder.swift */,
				C2B6AEB62406F22C00479925 /* Order.swift */,
				C2B6AEB42406F22C00479925 /* SelectedProduct.swift */,
				C2B6AEB52406F22C00479925 /* User.swift */,
			);
			path = Objects;
			sourceTree = "<group>";
		};
/* End PBXGroup section */

/* Begin PBXNativeTarget section */
		C2B6AE972406EE4C00479925 /* Delivery_App */ = {
			isa = PBXNativeTarget;
			buildConfigurationList = C2B6AEAC2406EE4E00479925 /* Build configuration list for PBXNativeTarget "Delivery_App" */;
			buildPhases = (
				C2B6AE942406EE4C00479925 /* Sources */,
				C2B6AE952406EE4C00479925 /* Frameworks */,
				C2B6AE962406EE4C00479925 /* Resources */,
			);
			buildRules = (
			);
			dependencies = (
			);
			name = Delivery_App;
			productName = Delivery_App;
			productReference = C2B6AE982406EE4C00479925 /* Delivery_App.app */;
			productType = "com.apple.product-type.application";
		};
/* End PBXNativeTarget section */

/* Begin PBXProject section */
		C2B6AE902406EE4C00479925 /* Project object */ = {
			isa = PBXProject;
			attributes = {
				LastSwiftUpdateCheck = 1130;
				LastUpgradeCheck = 1130;
				ORGANIZATIONNAME = "Maria Shehata";
				TargetAttributes = {
					C2B6AE972406EE4C00479925 = {
						CreatedOnToolsVersion = 11.3.1;
					};
				};
			};
			buildConfigurationList = C2B6AE932406EE4C00479925 /* Build configuration list for PBXProject "Delivery_App" */;
			compatibilityVersion = "Xcode 9.3";
			developmentRegion = en;
			hasScannedForEncodings = 0;
			knownRegions = (
				en,
				Base,
			);
			mainGroup = C2B6AE8F2406EE4C00479925;
			productRefGroup = C2B6AE992406EE4C00479925 /* Products */;
			projectDirPath = "";
			projectRoot = "";
			targets = (
				C2B6AE972406EE4C00479925 /* Delivery_App */,
			);
		};
/* End PBXProject section */

/* Begin PBXResourcesBuildPhase section */
		C2B6AE962406EE4C00479925 /* Resources */ = {
			isa = PBXResourcesBuildPhase;
			buildActionMask = 2147483647;
			files = (
				C2B6AEA82406EE4E00479925 /* LaunchScreen.storyboard in Resources */,
				C2B6AEA52406EE4E00479925 /* Preview Assets.xcassets in Resources */,
				C2B6AEBC2406F29C00479925 /* Networking in Resources */,
				C2B6AEA22406EE4E00479925 /* Assets.xcassets in Resources */,
			);
			runOnlyForDeploymentPostprocessing = 0;
		};
/* End PBXResourcesBuildPhase section */

/* Begin PBXSourcesBuildPhase section */
		C2B6AE942406EE4C00479925 /* Sources */ = {
			isa = PBXSourcesBuildPhase;
			buildActionMask = 2147483647;
			files = (
				C2B6AE9C2406EE4C00479925 /* AppDelegate.swift in Sources */,
				C2B6AEB22406F21B00479925 /* ContactInfo.swift in Sources */,
				C2B6AEB72406F22C00479925 /* GroupOrder.swift in Sources */,
				C2B6AEBA2406F22C00479925 /* Order.swift in Sources */,
				C2B6AE9E2406EE4C00479925 /* SceneDelegate.swift in Sources */,
				C2B6AEB92406F22C00479925 /* User.swift in Sources */,
				C2B6AEA02406EE4C00479925 /* ContentView.swift in Sources */,
				C2B6AEB82406F22C00479925 /* SelectedProduct.swift in Sources */,
				C2B6AEB02406F04A00479925 /* Interfaces.swift in Sources */,
			);
			runOnlyForDeploymentPostprocessing = 0;
		};
/* End PBXSourcesBuildPhase section */

/* Begin PBXVariantGroup section */
		C2B6AEA62406EE4E00479925 /* LaunchScreen.storyboard */ = {
			isa = PBXVariantGroup;
			children = (
				C2B6AEA72406EE4E00479925 /* Base */,
			);
			name = LaunchScreen.storyboard;
			sourceTree = "<group>";
		};
/* End PBXVariantGroup section */

/* Begin XCBuildConfiguration section */
		C2B6AEAA2406EE4E00479925 /* Debug */ = {
			isa = XCBuildConfiguration;
			buildSettings = {
				ALWAYS_SEARCH_USER_PATHS = NO;
				CLANG_ANALYZER_NONNULL = YES;
				CLANG_ANALYZER_NUMBER_OBJECT_CONVERSION = YES_AGGRESSIVE;
				CLANG_CXX_LANGUAGE_STANDARD = "gnu++14";
				CLANG_CXX_LIBRARY = "libc++";
				CLANG_ENABLE_MODULES = YES;
				CLANG_ENABLE_OBJC_ARC = YES;
				CLANG_ENABLE_OBJC_WEAK = YES;
				CLANG_WARN_BLOCK_CAPTURE_AUTORELEASING = YES;
				CLANG_WARN_BOOL_CONVERSION = YES;
				CLANG_WARN_COMMA = YES;
				CLANG_WARN_CONSTANT_CONVERSION = YES;
				CLANG_WARN_DEPRECATED_OBJC_IMPLEMENTATIONS = YES;
				CLANG_WARN_DIRECT_OBJC_ISA_USAGE = YES_ERROR;
				CLANG_WARN_DOCUMENTATION_COMMENTS = YES;
				CLANG_WARN_EMPTY_BODY = YES;
				CLANG_WARN_ENUM_CONVERSION = YES;
				CLANG_WARN_INFINITE_RECURSION = YES;
				CLANG_WARN_INT_CONVERSION = YES;
				CLANG_WARN_NON_LITERAL_NULL_CONVERSION = YES;
				CLANG_WARN_OBJC_IMPLICIT_RETAIN_SELF = YES;
				CLANG_WARN_OBJC_LITERAL_CONVERSION = YES;
				CLANG_WARN_OBJC_ROOT_CLASS = YES_ERROR;
				CLANG_WARN_RANGE_LOOP_ANALYSIS = YES;
				CLANG_WARN_STRICT_PROTOTYPES = YES;
				CLANG_WARN_SUSPICIOUS_MOVE = YES;
				CLANG_WARN_UNGUARDED_AVAILABILITY = YES_AGGRESSIVE;
				CLANG_WARN_UNREACHABLE_CODE = YES;
				CLANG_WARN__DUPLICATE_METHOD_MATCH = YES;
				COPY_PHASE_STRIP = NO;
				DEBUG_INFORMATION_FORMAT = dwarf;
				ENABLE_STRICT_OBJC_MSGSEND = YES;
				ENABLE_TESTABILITY = YES;
				GCC_C_LANGUAGE_STANDARD = gnu11;
				GCC_DYNAMIC_NO_PIC = NO;
				GCC_NO_COMMON_BLOCKS = YES;
				GCC_OPTIMIZATION_LEVEL = 0;
				GCC_PREPROCESSOR_DEFINITIONS = (
					"DEBUG=1",
					"$(inherited)",
				);
				GCC_WARN_64_TO_32_BIT_CONVERSION = YES;
				GCC_WARN_ABOUT_RETURN_TYPE = YES_ERROR;
				GCC_WARN_UNDECLARED_SELECTOR = YES;
				GCC_WARN_UNINITIALIZED_AUTOS = YES_AGGRESSIVE;
				GCC_WARN_UNUSED_FUNCTION = YES;
				GCC_WARN_UNUSED_VARIABLE = YES;
				IPHONEOS_DEPLOYMENT_TARGET = 13.2;
				MTL_ENABLE_DEBUG_INFO = INCLUDE_SOURCE;
				MTL_FAST_MATH = YES;
				ONLY_ACTIVE_ARCH = YES;
				SDKROOT = iphoneos;
				SWIFT_ACTIVE_COMPILATION_CONDITIONS = DEBUG;
				SWIFT_OPTIMIZATION_LEVEL = "-Onone";
			};
			name = Debug;
		};
		C2B6AEAB2406EE4E00479925 /* Release */ = {
			isa = XCBuildConfiguration;
			buildSettings = {
				ALWAYS_SEARCH_USER_PATHS = NO;
				CLANG_ANALYZER_NONNULL = YES;
				CLANG_ANALYZER_NUMBER_OBJECT_CONVERSION = YES_AGGRESSIVE;
				CLANG_CXX_LANGUAGE_STANDARD = "gnu++14";
				CLANG_CXX_LIBRARY = "libc++";
				CLANG_ENABLE_MODULES = YES;
				CLANG_ENABLE_OBJC_ARC = YES;
				CLANG_ENABLE_OBJC_WEAK = YES;
				CLANG_WARN_BLOCK_CAPTURE_AUTORELEASING = YES;
				CLANG_WARN_BOOL_CONVERSION = YES;
				CLANG_WARN_COMMA = YES;
				CLANG_WARN_CONSTANT_CONVERSION = YES;
				CLANG_WARN_DEPRECATED_OBJC_IMPLEMENTATIONS = YES;
				CLANG_WARN_DIRECT_OBJC_ISA_USAGE = YES_ERROR;
				CLANG_WARN_DOCUMENTATION_COMMENTS = YES;
				CLANG_WARN_EMPTY_BODY = YES;
				CLANG_WARN_ENUM_CONVERSION = YES;
				CLANG_WARN_INFINITE_RECURSION = YES;
				CLANG_WARN_INT_CONVERSION = YES;
				CLANG_WARN_NON_LITERAL_NULL_CONVERSION = YES;
				CLANG_WARN_OBJC_IMPLICIT_RETAIN_SELF = YES;
				CLANG_WARN_OBJC_LITERAL_CONVERSION = YES;
				CLANG_WARN_OBJC_ROOT_CLASS = YES_ERROR;
				CLANG_WARN_RANGE_LOOP_ANALYSIS = YES;
				CLANG_WARN_STRICT_PROTOTYPES = YES;
				CLANG_WARN_SUSPICIOUS_MOVE = YES;
				CLANG_WARN_UNGUARDED_AVAILABILITY = YES_AGGRESSIVE;
				CLANG_WARN_UNREACHABLE_CODE = YES;
				CLANG_WARN__DUPLICATE_METHOD_MATCH = YES;
				COPY_PHASE_STRIP = NO;
				DEBUG_INFORMATION_FORMAT = "dwarf-with-dsym";
				ENABLE_NS_ASSERTIONS = NO;
				ENABLE_STRICT_OBJC_MSGSEND = YES;
				GCC_C_LANGUAGE_STANDARD = gnu11;
				GCC_NO_COMMON_BLOCKS = YES;
				GCC_WARN_64_TO_32_BIT_CONVERSION = YES;
				GCC_WARN_ABOUT_RETURN_TYPE = YES_ERROR;
				GCC_WARN_UNDECLARED_SELECTOR = YES;
				GCC_WARN_UNINITIALIZED_AUTOS = YES_AGGRESSIVE;
				GCC_WARN_UNUSED_FUNCTION = YES;
				GCC_WARN_UNUSED_VARIABLE = YES;
				IPHONEOS_DEPLOYMENT_TARGET = 13.2;
				MTL_ENABLE_DEBUG_INFO = NO;
				MTL_FAST_MATH = YES;
				SDKROOT = iphoneos;
				SWIFT_COMPILATION_MODE = wholemodule;
				SWIFT_OPTIMIZATION_LEVEL = "-O";
				VALIDATE_PRODUCT = YES;
			};
			name = Release;
		};
		C2B6AEAD2406EE4E00479925 /* Debug */ = {
			isa = XCBuildConfiguration;
			buildSettings = {
				ASSETCATALOG_COMPILER_APPICON_NAME = AppIcon;
				CODE_SIGN_STYLE = Automatic;
				DEVELOPMENT_ASSET_PATHS = "\"Delivery_App/Preview Content\"";
				DEVELOPMENT_TEAM = 47JCAKQ34W;
				ENABLE_PREVIEWS = YES;
				INFOPLIST_FILE = Delivery_App/Info.plist;
				LD_RUNPATH_SEARCH_PATHS = (
					"$(inherited)",
					"@executable_path/Frameworks",
				);
				PRODUCT_BUNDLE_IDENTIFIER = "maria.sheahata17-ncf.Delivery-App";
				PRODUCT_NAME = "$(TARGET_NAME)";
				SWIFT_VERSION = 5.0;
				TARGETED_DEVICE_FAMILY = "1,2";
			};
			name = Debug;
		};
		C2B6AEAE2406EE4E00479925 /* Release */ = {
			isa = XCBuildConfiguration;
			buildSettings = {
				ASSETCATALOG_COMPILER_APPICON_NAME = AppIcon;
				CODE_SIGN_STYLE = Automatic;
				DEVELOPMENT_ASSET_PATHS = "\"Delivery_App/Preview Content\"";
				DEVELOPMENT_TEAM = 47JCAKQ34W;
				ENABLE_PREVIEWS = YES;
				INFOPLIST_FILE = Delivery_App/Info.plist;
				LD_RUNPATH_SEARCH_PATHS = (
					"$(inherited)",
					"@executable_path/Frameworks",
				);
				PRODUCT_BUNDLE_IDENTIFIER = "maria.sheahata17-ncf.Delivery-App";
				PRODUCT_NAME = "$(TARGET_NAME)";
				SWIFT_VERSION = 5.0;
				TARGETED_DEVICE_FAMILY = "1,2";
			};
			name = Release;
		};
/* End XCBuildConfiguration section */

/* Begin XCConfigurationList section */
		C2B6AE932406EE4C00479925 /* Build configuration list for PBXProject "Delivery_App" */ = {
			isa = XCConfigurationList;
			buildConfigurations = (
				C2B6AEAA2406EE4E00479925 /* Debug */,
				C2B6AEAB2406EE4E00479925 /* Release */,
			);
			defaultConfigurationIsVisible = 0;
			defaultConfigurationName = Release;
		};
		C2B6AEAC2406EE4E00479925 /* Build configuration list for PBXNativeTarget "Delivery_App" */ = {
			isa = XCConfigurationList;
			buildConfigurations = (
				C2B6AEAD2406EE4E00479925 /* Debug */,
				C2B6AEAE2406EE4E00479925 /* Release */,
			);
			defaultConfigurationIsVisible = 0;
			defaultConfigurationName = Release;
		};
/* End XCConfigurationList section */
	};
	rootObject = C2B6AE902406EE4C00479925 /* Project object */;
}
